
Microsoft Visual Studio Solution File, Format Version 12.00
# Visual Studio Version 17
VisualStudioVersion = 17.7.34024.191
MinimumVisualStudioVersion = 10.0.40219.1
Project("{FAE04EC0-301F-11D3-BF4B-00C04F79EFBC}") = "ConsoleApp10", "ConsoleApp10\ConsoleApp10.csproj", "{A2824860-BF86-44BF-BDC2-87F5BE5E3F93}"
EndProject
Global
	GlobalSection(SolutionConfigurationPlatforms) = preSolution
		Debug|Any CPU = Debug|Any CPU
		Release|Any CPU = Release|Any CPU
	EndGlobalSection
	GlobalSection(ProjectConfigurationPlatforms) = postSolution
		{A2824860-BF86-44BF-BDC2-87F5BE5E3F93}.Debug|Any CPU.ActiveCfg = Debug|Any CPU
		{A2824860-BF86-44BF-BDC2-87F5BE5E3F93}.Debug|Any CPU.Build.0 = Debug|Any CPU
		{A2824860-BF86-44BF-BDC2-87F5BE5E3F93}.Release|Any CPU.ActiveCfg = Release|Any CPU
		{A2824860-BF86-44BF-BDC2-87F5BE5E3F93}.Release|Any CPU.Build.0 = Release|Any CPU
	EndGlobalSection
	GlobalSection(SolutionProperties) = preSolution
		HideSolutionNode = FALSE
	EndGlobalSection
	GlobalSection(ExtensibilityGlobals) = postSolution
		SolutionGuid = {34C36EA6-00EB-4EE8-A918-9BE01FF2E6A7}
	EndGlobalSection
EndGlobal
